
Microsoft Visual Studio Solution File, Format Version 12.00
# Visual Studio 15
VisualStudioVersion = 15.0.28307.168
MinimumVisualStudioVersion = 10.0.40219.1
Project("{FAE04EC0-301F-11D3-BF4B-00C04F79EFBC}") = "Sample01", "Sample01\Sample01.csproj", "{102F03E2-35B1-4BB0-AB87-E1A8FFB51BE0}"
EndProject
Global
	GlobalSection(SolutionConfigurationPlatforms) = preSolution
		Debug|Any CPU = Debug|Any CPU
		Release|Any CPU = Release|Any CPU
	EndGlobalSection
	GlobalSection(ProjectConfigurationPlatforms) = postSolution
		{102F03E2-35B1-4BB0-AB87-E1A8FFB51BE0}.Debug|Any CPU.ActiveCfg = Debug|Any CPU
		{102F03E2-35B1-4BB0-AB87-E1A8FFB51BE0}.Debug|Any CPU.Build.0 = Debug|Any CPU
		{102F03E2-35B1-4BB0-AB87-E1A8FFB51BE0}.Release|Any CPU.ActiveCfg = Release|Any CPU
		{102F03E2-35B1-4BB0-AB87-E1A8FFB51BE0}.Release|Any CPU.Build.0 = Release|Any CPU
	EndGlobalSection
	GlobalSection(SolutionProperties) = preSolution
		HideSolutionNode = FALSE
	EndGlobalSection
	GlobalSection(ExtensibilityGlobals) = postSolution
		SolutionGuid = {C779AC99-D33B-4C18-A5A2-A673085ADFD7}
	EndGlobalSection
EndGlobal
